
Microsoft Visual Studio Solution File, Format Version 12.00
# Visual Studio Version 16
VisualStudioVersion = 16.0.30804.86
MinimumVisualStudioVersion = 10.0.40219.1
Project("{9A19103F-16F7-4668-BE54-9A1E7A4F7556}") = "EmployeeManager.UI", "EmployeeManager.UI\EmployeeManager.UI.csproj", "{BE856DF2-F64B-4875-AABC-38486B7DD4A4}"
EndProject
Project("{9A19103F-16F7-4668-BE54-9A1E7A4F7556}") = "EmployeeManager.DataRepository", "EmployeeManager.DataRepository\EmployeeManager.DataRepository.csproj", "{615BB892-D8FB-4E86-8701-08F4343CF819}"
EndProject
Project("{FAE04EC0-301F-11D3-BF4B-00C04F79EFBC}") = "EmployeeManager.Tests", "EmployeeManager.Tests\EmployeeManager.Tests.csproj", "{EFC6CC8D-2ED2-42AE-B0EF-09897F142901}"
EndProject
Global
	GlobalSection(SolutionConfigurationPlatforms) = preSolution
		Debug|Any CPU = Debug|Any CPU
		Release|Any CPU = Release|Any CPU
	EndGlobalSection
	GlobalSection(ProjectConfigurationPlatforms) = postSolution
		{BE856DF2-F64B-4875-AABC-38486B7DD4A4}.Debug|Any CPU.ActiveCfg = Debug|Any CPU
		{BE856DF2-F64B-4875-AABC-38486B7DD4A4}.Debug|Any CPU.Build.0 = Debug|Any CPU
		{BE856DF2-F64B-4875-AABC-38486B7DD4A4}.Release|Any CPU.ActiveCfg = Release|Any CPU
		{BE856DF2-F64B-4875-AABC-38486B7DD4A4}.Release|Any CPU.Build.0 = Release|Any CPU
		{615BB892-D8FB-4E86-8701-08F4343CF819}.Debug|Any CPU.ActiveCfg = Debug|Any CPU
		{615BB892-D8FB-4E86-8701-08F4343CF819}.Debug|Any CPU.Build.0 = Debug|Any CPU
		{615BB892-D8FB-4E86-8701-08F4343CF819}.Release|Any CPU.ActiveCfg = Release|Any CPU
		{615BB892-D8FB-4E86-8701-08F4343CF819}.Release|Any CPU.Build.0 = Release|Any CPU
		{EFC6CC8D-2ED2-42AE-B0EF-09897F142901}.Debug|Any CPU.ActiveCfg = Debug|Any CPU
		{EFC6CC8D-2ED2-42AE-B0EF-09897F142901}.Debug|Any CPU.Build.0 = Debug|Any CPU
		{EFC6CC8D-2ED2-42AE-B0EF-09897F142901}.Release|Any CPU.ActiveCfg = Release|Any CPU
		{EFC6CC8D-2ED2-42AE-B0EF-09897F142901}.Release|Any CPU.Build.0 = Release|Any CPU
	EndGlobalSection
	GlobalSection(SolutionProperties) = preSolution
		HideSolutionNode = FALSE
	EndGlobalSection
	GlobalSection(ExtensibilityGlobals) = postSolution
		SolutionGuid = {026EE146-EC0A-4AC3-A9B6-4CAA4C8F7E43}
	EndGlobalSection
EndGlobal
